
Microsoft Visual Studio Solution File, Format Version 12.00
# Visual Studio 15
VisualStudioVersion = 15.0.28307.1209
MinimumVisualStudioVersion = 10.0.40219.1
Project("{FAE04EC0-301F-11D3-BF4B-00C04F79EFBC}") = "NotNamedWar", "NotNamedWar\NotNamedWar.csproj", "{ED182C88-BC93-48FB-BB59-F068406E39A7}"
EndProject
Global
	GlobalSection(SolutionConfigurationPlatforms) = preSolution
		Debug|x86 = Debug|x86
		Release|x86 = Release|x86
	EndGlobalSection
	GlobalSection(ProjectConfigurationPlatforms) = postSolution
		{ED182C88-BC93-48FB-BB59-F068406E39A7}.Debug|x86.ActiveCfg = Debug|x86
		{ED182C88-BC93-48FB-BB59-F068406E39A7}.Debug|x86.Build.0 = Debug|x86
		{ED182C88-BC93-48FB-BB59-F068406E39A7}.Release|x86.ActiveCfg = Release|x86
		{ED182C88-BC93-48FB-BB59-F068406E39A7}.Release|x86.Build.0 = Release|x86
	EndGlobalSection
	GlobalSection(SolutionProperties) = preSolution
		HideSolutionNode = FALSE
	EndGlobalSection
	GlobalSection(ExtensibilityGlobals) = postSolution
		SolutionGuid = {9C0EC2EB-2BCC-4DB7-BAA6-E27CE59B2F17}
	EndGlobalSection
EndGlobal
